
Microsoft Visual Studio Solution File, Format Version 12.00
# Visual Studio Version 17
VisualStudioVersion = 17.0.32126.317
MinimumVisualStudioVersion = 10.0.40219.1
Project("{FAE04EC0-301F-11D3-BF4B-00C04F79EFBC}") = "EFEFP1Av4", "EFEFP1Av4.csproj", "{1A73F3F0-CC9A-4B73-8BDD-77C54FC5BC10}"
EndProject
Global
	GlobalSection(SolutionConfigurationPlatforms) = preSolution
		Debug|Any CPU = Debug|Any CPU
		Release|Any CPU = Release|Any CPU
	EndGlobalSection
	GlobalSection(ProjectConfigurationPlatforms) = postSolution
		{1A73F3F0-CC9A-4B73-8BDD-77C54FC5BC10}.Debug|Any CPU.ActiveCfg = Debug|Any CPU
		{1A73F3F0-CC9A-4B73-8BDD-77C54FC5BC10}.Debug|Any CPU.Build.0 = Debug|Any CPU
		{1A73F3F0-CC9A-4B73-8BDD-77C54FC5BC10}.Release|Any CPU.ActiveCfg = Release|Any CPU
		{1A73F3F0-CC9A-4B73-8BDD-77C54FC5BC10}.Release|Any CPU.Build.0 = Release|Any CPU
	EndGlobalSection
	GlobalSection(SolutionProperties) = preSolution
		HideSolutionNode = FALSE
	EndGlobalSection
	GlobalSection(ExtensibilityGlobals) = postSolution
		SolutionGuid = {390C8D59-EE07-483C-A4B7-2FDEEF44F4EF}
	EndGlobalSection
EndGlobal
